
Microsoft Visual Studio Solution File, Format Version 12.00
# Visual Studio Version 17
VisualStudioVersion = 17.2.32630.192
MinimumVisualStudioVersion = 10.0.40219.1
Project("{FAE04EC0-301F-11D3-BF4B-00C04F79EFBC}") = "TryCatch02", "TryCatch02\TryCatch02.csproj", "{AF917F9B-7656-4A19-8A6E-CC57DD2C4EFB}"
EndProject
Global
	GlobalSection(SolutionConfigurationPlatforms) = preSolution
		Debug|Any CPU = Debug|Any CPU
		Release|Any CPU = Release|Any CPU
	EndGlobalSection
	GlobalSection(ProjectConfigurationPlatforms) = postSolution
		{AF917F9B-7656-4A19-8A6E-CC57DD2C4EFB}.Debug|Any CPU.ActiveCfg = Debug|Any CPU
		{AF917F9B-7656-4A19-8A6E-CC57DD2C4EFB}.Debug|Any CPU.Build.0 = Debug|Any CPU
		{AF917F9B-7656-4A19-8A6E-CC57DD2C4EFB}.Release|Any CPU.ActiveCfg = Release|Any CPU
		{AF917F9B-7656-4A19-8A6E-CC57DD2C4EFB}.Release|Any CPU.Build.0 = Release|Any CPU
	EndGlobalSection
	GlobalSection(SolutionProperties) = preSolution
		HideSolutionNode = FALSE
	EndGlobalSection
	GlobalSection(ExtensibilityGlobals) = postSolution
		SolutionGuid = {60847CA9-4669-4B8C-A537-8C35917FD4DB}
	EndGlobalSection
EndGlobal
